
Microsoft Visual Studio Solution File, Format Version 12.00
# Visual Studio 2013
VisualStudioVersion = 12.0.30723.0
MinimumVisualStudioVersion = 10.0.40219.1
Project("{FAE04EC0-301F-11D3-BF4B-00C04F79EFBC}") = "MathBookProject", "MathBookProject\MathBookProject.csproj", "{BECBFF2C-5322-4875-92BC-589FF7FD34FF}"
EndProject
Project("{FAE04EC0-301F-11D3-BF4B-00C04F79EFBC}") = "CommonUtil", "..\CommonUtil\CommonUtil\CommonUtil.csproj", "{778F153E-5B5E-43A0-A9AD-105B5004D345}"
EndProject
Project("{FAE04EC0-301F-11D3-BF4B-00C04F79EFBC}") = "EquationVisualizer", "EquationVisualizer\EquationVisualizer.csproj", "{0FE6EEA0-3C57-43C1-B3FA-93F698130D8F}"
EndProject
Project("{FAE04EC0-301F-11D3-BF4B-00C04F79EFBC}") = "EquationVisualizerTest", "EquationVisualizerTest\EquationVisualizerTest.csproj", "{CD7D24BB-BBBC-4E9A-8178-9773A40DF765}"
EndProject
Project("{FAE04EC0-301F-11D3-BF4B-00C04F79EFBC}") = "ParserGenerator", "ParserGenerator\ParserGenerator.csproj", "{952AB17D-308A-42D7-83A7-E5AE3187E609}"
EndProject
Project("{FAE04EC0-301F-11D3-BF4B-00C04F79EFBC}") = "EquationEditor", "EquationEditor\EquationEditor.csproj", "{0B3488B5-C6F9-4FEE-A40E-419AE2024F42}"
EndProject
Global
	GlobalSection(SolutionConfigurationPlatforms) = preSolution
		Debug|Any CPU = Debug|Any CPU
		Release|Any CPU = Release|Any CPU
	EndGlobalSection
	GlobalSection(ProjectConfigurationPlatforms) = postSolution
		{BECBFF2C-5322-4875-92BC-589FF7FD34FF}.Debug|Any CPU.ActiveCfg = Debug|Any CPU
		{BECBFF2C-5322-4875-92BC-589FF7FD34FF}.Debug|Any CPU.Build.0 = Debug|Any CPU
		{BECBFF2C-5322-4875-92BC-589FF7FD34FF}.Release|Any CPU.ActiveCfg = Release|Any CPU
		{BECBFF2C-5322-4875-92BC-589FF7FD34FF}.Release|Any CPU.Build.0 = Release|Any CPU
		{778F153E-5B5E-43A0-A9AD-105B5004D345}.Debug|Any CPU.ActiveCfg = Debug|Any CPU
		{778F153E-5B5E-43A0-A9AD-105B5004D345}.Debug|Any CPU.Build.0 = Debug|Any CPU
		{778F153E-5B5E-43A0-A9AD-105B5004D345}.Release|Any CPU.ActiveCfg = Release|Any CPU
		{778F153E-5B5E-43A0-A9AD-105B5004D345}.Release|Any CPU.Build.0 = Release|Any CPU
		{0FE6EEA0-3C57-43C1-B3FA-93F698130D8F}.Debug|Any CPU.ActiveCfg = Debug|Any CPU
		{0FE6EEA0-3C57-43C1-B3FA-93F698130D8F}.Debug|Any CPU.Build.0 = Debug|Any CPU
		{0FE6EEA0-3C57-43C1-B3FA-93F698130D8F}.Release|Any CPU.ActiveCfg = Release|Any CPU
		{0FE6EEA0-3C57-43C1-B3FA-93F698130D8F}.Release|Any CPU.Build.0 = Release|Any CPU
		{CD7D24BB-BBBC-4E9A-8178-9773A40DF765}.Debug|Any CPU.ActiveCfg = Debug|Any CPU
		{CD7D24BB-BBBC-4E9A-8178-9773A40DF765}.Debug|Any CPU.Build.0 = Debug|Any CPU
		{CD7D24BB-BBBC-4E9A-8178-9773A40DF765}.Release|Any CPU.ActiveCfg = Release|Any CPU
		{CD7D24BB-BBBC-4E9A-8178-9773A40DF765}.Release|Any CPU.Build.0 = Release|Any CPU
		{952AB17D-308A-42D7-83A7-E5AE3187E609}.Debug|Any CPU.ActiveCfg = Debug|Any CPU
		{952AB17D-308A-42D7-83A7-E5AE3187E609}.Debug|Any CPU.Build.0 = Debug|Any CPU
		{952AB17D-308A-42D7-83A7-E5AE3187E609}.Release|Any CPU.ActiveCfg = Release|Any CPU
		{952AB17D-308A-42D7-83A7-E5AE3187E609}.Release|Any CPU.Build.0 = Release|Any CPU
		{0B3488B5-C6F9-4FEE-A40E-419AE2024F42}.Debug|Any CPU.ActiveCfg = Debug|Any CPU
		{0B3488B5-C6F9-4FEE-A40E-419AE2024F42}.Debug|Any CPU.Build.0 = Debug|Any CPU
		{0B3488B5-C6F9-4FEE-A40E-419AE2024F42}.Release|Any CPU.ActiveCfg = Release|Any CPU
		{0B3488B5-C6F9-4FEE-A40E-419AE2024F42}.Release|Any CPU.Build.0 = Release|Any CPU
	EndGlobalSection
	GlobalSection(SolutionProperties) = preSolution
		HideSolutionNode = FALSE
	EndGlobalSection
EndGlobal
